
Microsoft Visual Studio Solution File, Format Version 12.00
# Visual Studio Version 17
VisualStudioVersion = 17.4.33205.214
MinimumVisualStudioVersion = 10.0.40219.1
Project("{FAE04EC0-301F-11D3-BF4B-00C04F79EFBC}") = "Conversion", "Conversion\Conversion.csproj", "{B9558275-72C9-45F0-840D-C8FB0D03642A}"
EndProject
Project("{FAE04EC0-301F-11D3-BF4B-00C04F79EFBC}") = "ConversionTest", "ConversionTest\ConversionTest.csproj", "{6B8DCA85-37F9-451E-A665-AA9E773C1CEB}"
EndProject
Global
	GlobalSection(SolutionConfigurationPlatforms) = preSolution
		Debug|Any CPU = Debug|Any CPU
		Release|Any CPU = Release|Any CPU
	EndGlobalSection
	GlobalSection(ProjectConfigurationPlatforms) = postSolution
		{B9558275-72C9-45F0-840D-C8FB0D03642A}.Debug|Any CPU.ActiveCfg = Debug|Any CPU
		{B9558275-72C9-45F0-840D-C8FB0D03642A}.Debug|Any CPU.Build.0 = Debug|Any CPU
		{B9558275-72C9-45F0-840D-C8FB0D03642A}.Release|Any CPU.ActiveCfg = Release|Any CPU
		{B9558275-72C9-45F0-840D-C8FB0D03642A}.Release|Any CPU.Build.0 = Release|Any CPU
		{6B8DCA85-37F9-451E-A665-AA9E773C1CEB}.Debug|Any CPU.ActiveCfg = Debug|Any CPU
		{6B8DCA85-37F9-451E-A665-AA9E773C1CEB}.Debug|Any CPU.Build.0 = Debug|Any CPU
		{6B8DCA85-37F9-451E-A665-AA9E773C1CEB}.Release|Any CPU.ActiveCfg = Release|Any CPU
		{6B8DCA85-37F9-451E-A665-AA9E773C1CEB}.Release|Any CPU.Build.0 = Release|Any CPU
	EndGlobalSection
	GlobalSection(SolutionProperties) = preSolution
		HideSolutionNode = FALSE
	EndGlobalSection
	GlobalSection(ExtensibilityGlobals) = postSolution
		SolutionGuid = {EDDA6358-2355-460E-8098-8DCDB4038D48}
	EndGlobalSection
EndGlobal
